
Microsoft Visual Studio Solution File, Format Version 12.00
# Visual Studio 15
VisualStudioVersion = 15.0.28010.2026
MinimumVisualStudioVersion = 10.0.40219.1
Project("{FAE04EC0-301F-11D3-BF4B-00C04F79EFBC}") = "AsyncExampleWPF", "AsyncExampleWPF\AsyncExampleWPF.csproj", "{129E85E2-DF73-442F-8E60-FC651E9AE7C9}"
EndProject
Project("{2150E333-8FDC-42A3-9474-1A3956D46DE8}") = "Solution Items", "Solution Items", "{412C411D-BE78-425A-B419-17B6227F343E}"
EndProject
Project("{FAE04EC0-301F-11D3-BF4B-00C04F79EFBC}") = "KattisUtilities", "KattisUtilities\KattisUtilities.csproj", "{3838D6AF-65DC-45B4-8D48-4BF737840F92}"
EndProject
Project("{FAE04EC0-301F-11D3-BF4B-00C04F79EFBC}") = "TabbedAwaits", "TabbedAwaits\TabbedAwaits.csproj", "{13BF06AF-A8ED-4C92-A47E-CDEED830864A}"
EndProject
Global
	GlobalSection(SolutionConfigurationPlatforms) = preSolution
		Debug|Any CPU = Debug|Any CPU
		Release|Any CPU = Release|Any CPU
	EndGlobalSection
	GlobalSection(ProjectConfigurationPlatforms) = postSolution
		{129E85E2-DF73-442F-8E60-FC651E9AE7C9}.Debug|Any CPU.ActiveCfg = Debug|Any CPU
		{129E85E2-DF73-442F-8E60-FC651E9AE7C9}.Debug|Any CPU.Build.0 = Debug|Any CPU
		{129E85E2-DF73-442F-8E60-FC651E9AE7C9}.Release|Any CPU.ActiveCfg = Release|Any CPU
		{129E85E2-DF73-442F-8E60-FC651E9AE7C9}.Release|Any CPU.Build.0 = Release|Any CPU
		{3838D6AF-65DC-45B4-8D48-4BF737840F92}.Debug|Any CPU.ActiveCfg = Debug|Any CPU
		{3838D6AF-65DC-45B4-8D48-4BF737840F92}.Debug|Any CPU.Build.0 = Debug|Any CPU
		{3838D6AF-65DC-45B4-8D48-4BF737840F92}.Release|Any CPU.ActiveCfg = Release|Any CPU
		{3838D6AF-65DC-45B4-8D48-4BF737840F92}.Release|Any CPU.Build.0 = Release|Any CPU
		{13BF06AF-A8ED-4C92-A47E-CDEED830864A}.Debug|Any CPU.ActiveCfg = Debug|Any CPU
		{13BF06AF-A8ED-4C92-A47E-CDEED830864A}.Debug|Any CPU.Build.0 = Debug|Any CPU
		{13BF06AF-A8ED-4C92-A47E-CDEED830864A}.Release|Any CPU.ActiveCfg = Release|Any CPU
		{13BF06AF-A8ED-4C92-A47E-CDEED830864A}.Release|Any CPU.Build.0 = Release|Any CPU
	EndGlobalSection
	GlobalSection(SolutionProperties) = preSolution
		HideSolutionNode = FALSE
	EndGlobalSection
	GlobalSection(ExtensibilityGlobals) = postSolution
		SolutionGuid = {BDA46E15-3030-4783-8C66-835AE36EC306}
	EndGlobalSection
EndGlobal
